// !$*UTF8*$!
{
	archiveVersion = 1;
	classes = {
	};
	objectVersion = 46;
	objects = {

/* Begin PBXBuildFile section */
		017B4A0A4D854E2B8F7A0001 /* Assets.xcassets in Resources */ = {isa = PBXBuildFile; fileRef = 017B4A0A4D854E2B8F7A0002 /* Assets.xcassets */; };
		02DE59A8465021E8EBFAD86C /* LocalTranslationClient.swift in Sources */ = {isa = PBXBuildFile; fileRef = EB7AEFEB50D84538DA24CABB /* LocalTranslationClient.swift */; };
		0C8B402801446D49E97E7BF8 /* ClipboardInputSource.swift in Sources */ = {isa = PBXBuildFile; fileRef = B2CF48D1B6CED4DB23532C15 /* ClipboardInputSource.swift */; };
		1AD55419D634A29FB4906167 /* AppDelegate.swift in Sources */ = {isa = PBXBuildFile; fileRef = 053A3A126B5DE489E1BE66E1 /* AppDelegate.swift */; };
		244E3E51D4F288ED4B93B187 /* OverlayDismissalPolicy.swift in Sources */ = {isa = PBXBuildFile; fileRef = 6F57858715B410132FB6A15B /* OverlayDismissalPolicy.swift */; };
		24A1B2C3D4E5F60718293A51 /* OCRImageInputSource.swift in Sources */ = {isa = PBXBuildFile; fileRef = 24A1B2C3D4E5F60718293A50 /* OCRImageInputSource.swift */; };
		2F4A6C8E0B1D3F5A7C9E1A2B /* AccessibilityPermission.swift in Sources */ = {isa = PBXBuildFile; fileRef = 3A5C7E9F1B2D4F6A8C0E2B3C /* AccessibilityPermission.swift */; };
		2C6AC15A3DC20E3690AA0ADF /* Cocoa.framework in Frameworks */ = {isa = PBXBuildFile; fileRef = 9AE5CDB850EAE7A2364F2648 /* Cocoa.framework */; };
		34C1DDB0BD903BB23B8FFB7E /* GlobalHotkeyMonitor.swift in Sources */ = {isa = PBXBuildFile; fileRef = 20E1734D3B4D33540D2F4F10 /* GlobalHotkeyMonitor.swift */; };
		3BB859C5818A4EA38E3F0FEB /* DirectionDetector.swift in Sources */ = {isa = PBXBuildFile; fileRef = 800983F77AF1EE6EF8E788EC /* DirectionDetector.swift */; };
		3F1FCDAFBAB6D739F058A51C /* ShortcutSettings.swift in Sources */ = {isa = PBXBuildFile; fileRef = 5844D11C1A8328E64ED9442B /* ShortcutSettings.swift */; };
		3F1FCDB0BAB6D739F058A51C /* ShortcutRecorder.swift in Sources */ = {isa = PBXBuildFile; fileRef = 3F1FCD9FBAB6D739F058A51C /* ShortcutRecorder.swift */; };
		3F1FCDB1BAB6D739F058A51C /* ShortcutPanelViewModel.swift in Sources */ = {isa = PBXBuildFile; fileRef = 3F1FCDA0BAB6D739F058A51C /* ShortcutPanelViewModel.swift */; };
		3F1FCDB2BAB6D739F058A51C /* ShortcutPanelViewModelTests.swift in Sources */ = {isa = PBXBuildFile; fileRef = 3F1FCDA1BAB6D739F058A51C /* ShortcutPanelViewModelTests.swift */; };
		3F1FCDB3BAB6D739F058A51C /* ShortcutPanelController.swift in Sources */ = {isa = PBXBuildFile; fileRef = 3F1FCDA2BAB6D739F058A51C /* ShortcutPanelController.swift */; };
		3F1FCDB4BAB6D739F058A51C /* ShortcutPanelView.swift in Sources */ = {isa = PBXBuildFile; fileRef = 3F1FCDA3BAB6D739F058A51C /* ShortcutPanelView.swift */; };
		3F1FCDB5BAB6D739F058A51C /* ShortcutRecorderButton.swift in Sources */ = {isa = PBXBuildFile; fileRef = 3F1FCDA4BAB6D739F058A51C /* ShortcutRecorderButton.swift */; };
		3F1FCDB6BAB6D739F058A51C /* ShortcutPanelControllerTests.swift in Sources */ = {isa = PBXBuildFile; fileRef = 3F1FCDA5BAB6D739F058A51C /* ShortcutPanelControllerTests.swift */; };
		42F3CD2B101BB299A6DB09BF /* TranslationDirection.swift in Sources */ = {isa = PBXBuildFile; fileRef = 5EA45D34D5C4A573A16AD22C /* TranslationDirection.swift */; };
		430F9AB6B3CB4F7E0F0E6771 /* OverlayDismissalPolicyTests.swift in Sources */ = {isa = PBXBuildFile; fileRef = 2B5D8C30D0046A6BA1CD2F39 /* OverlayDismissalPolicyTests.swift */; };
		4B5B55D28F0713F55D1FE1FA /* LocalTranslationClientTests.swift in Sources */ = {isa = PBXBuildFile; fileRef = 052F7C3AB47B24C6F533DEA7 /* LocalTranslationClientTests.swift */; };
		4C741E38AAE445DB0417666D /* TranslationPromptBuilderTests.swift in Sources */ = {isa = PBXBuildFile; fileRef = D148749C9E453DC16067AFA3 /* TranslationPromptBuilderTests.swift */; };
		4D7E8F90123456789ABCDE01 /* OCRWorkflowTests.swift in Sources */ = {isa = PBXBuildFile; fileRef = 4D7E8F90123456789ABCDE00 /* OCRWorkflowTests.swift */; };
		4D7E8F90123456789ABCDE03 /* ScreenRegionSelectionModelTests.swift in Sources */ = {isa = PBXBuildFile; fileRef = 4D7E8F90123456789ABCDE02 /* ScreenRegionSelectionModelTests.swift */; };
		4EB6491B0DDCDED13A20F159 /* AppConfig.swift in Sources */ = {isa = PBXBuildFile; fileRef = A767EF72CE237474EB211A9D /* AppConfig.swift */; };
		4F2B8D1C3A4E5F60718293A4 /* BackendStatusSnapshot.swift in Sources */ = {isa = PBXBuildFile; fileRef = 4F2B8D1C3A4E5F60718293A3 /* BackendStatusSnapshot.swift */; };
		4F3A2B1C0D9E8F7766554433 /* VisionOCRService.swift in Sources */ = {isa = PBXBuildFile; fileRef = 4F3A2B1C0D9E8F7766554432 /* VisionOCRService.swift */; };
		4F3A2B1C0D9E8F7766554435 /* ScreenRegionSelectionController.swift in Sources */ = {isa = PBXBuildFile; fileRef = 4F3A2B1C0D9E8F7766554434 /* ScreenRegionSelectionController.swift */; };
		4F3A2B1C0D9E8F7766554437 /* ScreenRegionSelectionView.swift in Sources */ = {isa = PBXBuildFile; fileRef = 4F3A2B1C0D9E8F7766554436 /* ScreenRegionSelectionView.swift */; };
		4F3A2B1C0D9E8F7766554439 /* ScreenRegionSelectionModel.swift in Sources */ = {isa = PBXBuildFile; fileRef = 4F3A2B1C0D9E8F7766554438 /* ScreenRegionSelectionModel.swift */; };
		51A02F7B49C84BE8A3D8A1F1 /* AppDelegateBackendMenuTests.swift in Sources */ = {isa = PBXBuildFile; fileRef = 51A02F7B49C84BE8A3D8A1F0 /* AppDelegateBackendMenuTests.swift */; };
		59C1D2E3F40516273849A5B1 /* BackendControlServiceTests.swift in Sources */ = {isa = PBXBuildFile; fileRef = 59C1D2E3F40516273849A5B0 /* BackendControlServiceTests.swift */; };
		59C1D2E3F40516273849A5B3 /* BackendControlService.swift in Sources */ = {isa = PBXBuildFile; fileRef = 59C1D2E3F40516273849A5B2 /* BackendControlService.swift */; };
		5B7A9D0C1E2F304152637485 /* BackendStatusMonitorTests.swift in Sources */ = {isa = PBXBuildFile; fileRef = 5B7A9D0C1E2F304152637484 /* BackendStatusMonitorTests.swift */; };
		6A1B2C3D4E5F60718293A401 /* BackendStatusMonitor.swift in Sources */ = {isa = PBXBuildFile; fileRef = 6A1B2C3D4E5F60718293A400 /* BackendStatusMonitor.swift */; };
		6A1B2C3D4E5F60718293A403 /* BackendHealthChecker.swift in Sources */ = {isa = PBXBuildFile; fileRef = 6A1B2C3D4E5F60718293A402 /* BackendHealthChecker.swift */; };
		6A1B2C3D4E5F60718293A405 /* ShellCommandRunner.swift in Sources */ = {isa = PBXBuildFile; fileRef = 6A1B2C3D4E5F60718293A404 /* ShellCommandRunner.swift */; };
		5F456AF294A234263FEC97B2 /* GlintApp.swift in Sources */ = {isa = PBXBuildFile; fileRef = DDADDFCAE51D0B4E3FF13DD4 /* GlintApp.swift */; };
		67F92AF34BF95A00B1EAA003 /* MenuBarViewModelTests.swift in Sources */ = {isa = PBXBuildFile; fileRef = 67F92AF24BF95A00B1EAA003 /* MenuBarViewModelTests.swift */; };
		67F92AF74BF95A00B1EAA003 /* StatusBarController.swift in Sources */ = {isa = PBXBuildFile; fileRef = 67F92AF64BF95A00B1EAA003 /* StatusBarController.swift */; };
		67F92AF94BF95A00B1EAA003 /* MenuBarViewModel.swift in Sources */ = {isa = PBXBuildFile; fileRef = 67F92AF84BF95A00B1EAA003 /* MenuBarViewModel.swift */; };
		67F92B014BF95A00B1EAA003 /* ShortcutRecorderTests.swift in Sources */ = {isa = PBXBuildFile; fileRef = 67F92B004BF95A00B1EAA003 /* ShortcutRecorderTests.swift */; };
		76C0BD70306C0A9E62C6CC6B /* TextLengthPolicyTests.swift in Sources */ = {isa = PBXBuildFile; fileRef = 6A4DF46774DF20D4EB81A7C1 /* TextLengthPolicyTests.swift */; };
		8562635D6940198B616B1F7F /* OverlayContentView.swift in Sources */ = {isa = PBXBuildFile; fileRef = 256D57BF55CAA7F38948E365 /* OverlayContentView.swift */; };
		8C830E79BD7C7102DC4DD459 /* Cocoa.framework in Frameworks */ = {isa = PBXBuildFile; fileRef = 9AE5CDB850EAE7A2364F2648 /* Cocoa.framework */; };
		8D8EF327B0B7F14C8B9BF561 /* TranslationPromptBuilder.swift in Sources */ = {isa = PBXBuildFile; fileRef = 9F06EDB02CB1EEFD2CACEFD2 /* TranslationPromptBuilder.swift */; };
		8EFA5E1EE4239D20DD129EC7 /* OverlayPanelController.swift in Sources */ = {isa = PBXBuildFile; fileRef = A6AE9BBED22A1C8FD6485335 /* OverlayPanelController.swift */; };
		8F4E38AA8E070F43D5CE4CF1 /* ClipboardTextReader.swift in Sources */ = {isa = PBXBuildFile; fileRef = E536E02711038F959B64A810 /* ClipboardTextReader.swift */; };
		98A4C1E55F2B4A7700D6B122 /* OverlayPlacementResolverTests.swift in Sources */ = {isa = PBXBuildFile; fileRef = 98A4C1E45F2B4A7700D6B122 /* OverlayPlacementResolverTests.swift */; };
		98A4C1E75F2B4A7700D6B122 /* OverlayPlacementResolver.swift in Sources */ = {isa = PBXBuildFile; fileRef = 98A4C1E65F2B4A7700D6B122 /* OverlayPlacementResolver.swift */; };
		9ACA3D2DC5AA4C653C9DB0B2 /* TextLengthPolicy.swift in Sources */ = {isa = PBXBuildFile; fileRef = CE97743544C816B307E92CF9 /* TextLengthPolicy.swift */; };
		A36D1B90B9C54B12A1F79011 /* AppLaunchCoordinator.swift in Sources */ = {isa = PBXBuildFile; fileRef = A36D1B90B9C54B12A1F79010 /* AppLaunchCoordinator.swift */; };
		A65530B7A9D106D5B4323DB1 /* DirectionDetectorTests.swift in Sources */ = {isa = PBXBuildFile; fileRef = E0161BCD887A2137DEC2A30C /* DirectionDetectorTests.swift */; };
		B5149D4A8C5A423DA0D4D322 /* AppLaunchCoordinatorTests.swift in Sources */ = {isa = PBXBuildFile; fileRef = B5149D4A8C5A423DA0D4D321 /* AppLaunchCoordinatorTests.swift */; };
		BAA4E0E8A9912D1A5015A3BE /* GlintTests.swift in Sources */ = {isa = PBXBuildFile; fileRef = 9E4804D656F5D78FD399E45C /* GlintTests.swift */; };
		C1A8152809D1E82876D70A65 /* TextInputSource.swift in Sources */ = {isa = PBXBuildFile; fileRef = D8943E7893671927E12021B2 /* TextInputSource.swift */; };
		C218C03A74F0AFB108B58073 /* ShortcutSettingsTests.swift in Sources */ = {isa = PBXBuildFile; fileRef = AF0F17C1BC6D430457FDB326 /* ShortcutSettingsTests.swift */; };
		C7A3F5B1D4826E90A1B2C3D4 /* SelectionInputSourceTests.swift in Sources */ = {isa = PBXBuildFile; fileRef = D8B4E6F2A1937C50B1D2E3F4 /* SelectionInputSourceTests.swift */; };
		D4E6F8A0B2C4E6F8A0B2C4D6 /* SelectionInputSource.swift in Sources */ = {isa = PBXBuildFile; fileRef = E5F7A9B1C3D5F7A9B1C3D5E7 /* SelectionInputSource.swift */; };
		C6FA3164C1A241F7AF4E4401 /* OverlaySizingPolicyTests.swift in Sources */ = {isa = PBXBuildFile; fileRef = C6FA3164C1A241F7AF4E4400 /* OverlaySizingPolicyTests.swift */; };
		D908A44A839644AD85014001 /* OverlayPresentationBehaviorTests.swift in Sources */ = {isa = PBXBuildFile; fileRef = D908A44A839644AD85014000 /* OverlayPresentationBehaviorTests.swift */; };
		D34F5CF0B8A349D6A4B15A11 /* OverlaySizingPolicy.swift in Sources */ = {isa = PBXBuildFile; fileRef = D34F5CF0B8A349D6A4B15A10 /* OverlaySizingPolicy.swift */; };
		E7FCA92A8C9E48F0A8B64101 /* OverlayVisualStyleTests.swift in Sources */ = {isa = PBXBuildFile; fileRef = E7FCA92A8C9E48F0A8B64100 /* OverlayVisualStyleTests.swift */; };
		F24744DB3D8A46298C12CC10 /* OverlayVisualStyle.swift in Sources */ = {isa = PBXBuildFile; fileRef = F24744DB3D8A46298C12CC0F /* OverlayVisualStyle.swift */; };
		F24744DB3D8A46298C12CC12 /* SelectableTextView.swift in Sources */ = {isa = PBXBuildFile; fileRef = F24744DB3D8A46298C12CC11 /* SelectableTextView.swift */; };
		E5C0A30729DA18B13DBC905C /* GlobalHotkeyMonitorTests.swift in Sources */ = {isa = PBXBuildFile; fileRef = 0B8E30CF3556ABF214704A2A /* GlobalHotkeyMonitorTests.swift */; };
		ECF93753A573674D125D96AC /* TranslateClipboardWorkflow.swift in Sources */ = {isa = PBXBuildFile; fileRef = 1687ED94B1D0A6E8467917C5 /* TranslateClipboardWorkflow.swift */; };
		EF43FD1949B75F070072B0D4 /* OverlayViewModel.swift in Sources */ = {isa = PBXBuildFile; fileRef = 779AD1A28C553316316D509A /* OverlayViewModel.swift */; };
		F5D5D61EB3A36A308C0A306A /* TranslateClipboardWorkflowTests.swift in Sources */ = {isa = PBXBuildFile; fileRef = 7DC8F7BBA7C829ED18EC9776 /* TranslateClipboardWorkflowTests.swift */; };
		FC0C0CC33F7E4A72D2A6A970 /* TextInputSourceWorkflowTests.swift in Sources */ = {isa = PBXBuildFile; fileRef = 18B6C96CEA5F60B882E660DF /* TextInputSourceWorkflowTests.swift */; };
		FF9A8B5A42406761E0D802F5 /* ChatCompletionModels.swift in Sources */ = {isa = PBXBuildFile; fileRef = F1156EC880026F445D4879E9 /* ChatCompletionModels.swift */; };
/* End PBXBuildFile section */

/* Begin PBXContainerItemProxy section */
		7DAA0F2B6511FE5F8298C0FE /* PBXContainerItemProxy */ = {
			isa = PBXContainerItemProxy;
			containerPortal = 34A469F569C6F5BC2362732E /* Project object */;
			proxyType = 1;
			remoteGlobalIDString = 20CB6FFFDCA21F6FED9E3E19;
			remoteInfo = Glint;
		};
/* End PBXContainerItemProxy section */

/* Begin PBXFileReference section */
		017B4A0A4D854E2B8F7A0002 /* Assets.xcassets */ = {isa = PBXFileReference; lastKnownFileType = folder.assetcatalog; path = Assets.xcassets; sourceTree = "<group>"; };
		052F7C3AB47B24C6F533DEA7 /* LocalTranslationClientTests.swift */ = {isa = PBXFileReference; includeInIndex = 1; lastKnownFileType = sourcecode.swift; path = LocalTranslationClientTests.swift; sourceTree = "<group>"; };
		053A3A126B5DE489E1BE66E1 /* AppDelegate.swift */ = {isa = PBXFileReference; includeInIndex = 1; lastKnownFileType = sourcecode.swift; name = AppDelegate.swift; path = App/AppDelegate.swift; sourceTree = "<group>"; };
		0B8E30CF3556ABF214704A2A /* GlobalHotkeyMonitorTests.swift */ = {isa = PBXFileReference; includeInIndex = 1; lastKnownFileType = sourcecode.swift; path = GlobalHotkeyMonitorTests.swift; sourceTree = "<group>"; };
		1687ED94B1D0A6E8467917C5 /* TranslateClipboardWorkflow.swift */ = {isa = PBXFileReference; includeInIndex = 1; lastKnownFileType = sourcecode.swift; name = TranslateClipboardWorkflow.swift; path = Workflow/TranslateClipboardWorkflow.swift; sourceTree = "<group>"; };
		24A1B2C3D4E5F60718293A50 /* OCRImageInputSource.swift */ = {isa = PBXFileReference; includeInIndex = 1; lastKnownFileType = sourcecode.swift; name = OCRImageInputSource.swift; path = OCR/OCRImageInputSource.swift; sourceTree = "<group>"; };
		18B6C96CEA5F60B882E660DF /* TextInputSourceWorkflowTests.swift */ = {isa = PBXFileReference; includeInIndex = 1; lastKnownFileType = sourcecode.swift; path = TextInputSourceWorkflowTests.swift; sourceTree = "<group>"; };
		20E1734D3B4D33540D2F4F10 /* GlobalHotkeyMonitor.swift */ = {isa = PBXFileReference; includeInIndex = 1; lastKnownFileType = sourcecode.swift; name = GlobalHotkeyMonitor.swift; path = Hotkey/GlobalHotkeyMonitor.swift; sourceTree = "<group>"; };
		256D57BF55CAA7F38948E365 /* OverlayContentView.swift */ = {isa = PBXFileReference; includeInIndex = 1; lastKnownFileType = sourcecode.swift; name = OverlayContentView.swift; path = UI/OverlayContentView.swift; sourceTree = "<group>"; };
		3A5C7E9F1B2D4F6A8C0E2B3C /* AccessibilityPermission.swift */ = {isa = PBXFileReference; includeInIndex = 1; lastKnownFileType = sourcecode.swift; name = AccessibilityPermission.swift; path = Input/AccessibilityPermission.swift; sourceTree = "<group>"; };
		2B5D8C30D0046A6BA1CD2F39 /* OverlayDismissalPolicyTests.swift */ = {isa = PBXFileReference; includeInIndex = 1; lastKnownFileType = sourcecode.swift; path = OverlayDismissalPolicyTests.swift; sourceTree = "<group>"; };
		5844D11C1A8328E64ED9442B /* ShortcutSettings.swift */ = {isa = PBXFileReference; includeInIndex = 1; lastKnownFileType = sourcecode.swift; name = ShortcutSettings.swift; path = Config/ShortcutSettings.swift; sourceTree = "<group>"; };
		59C1D2E3F40516273849A5B0 /* BackendControlServiceTests.swift */ = {isa = PBXFileReference; includeInIndex = 1; lastKnownFileType = sourcecode.swift; path = BackendControlServiceTests.swift; sourceTree = "<group>"; };
		59C1D2E3F40516273849A5B2 /* BackendControlService.swift */ = {isa = PBXFileReference; includeInIndex = 1; lastKnownFileType = sourcecode.swift; name = BackendControlService.swift; path = Backend/BackendControlService.swift; sourceTree = "<group>"; };
		5EA45D34D5C4A573A16AD22C /* TranslationDirection.swift */ = {isa = PBXFileReference; includeInIndex = 1; lastKnownFileType = sourcecode.swift; name = TranslationDirection.swift; path = Core/TranslationDirection.swift; sourceTree = "<group>"; };
		5B7A9D0C1E2F304152637484 /* BackendStatusMonitorTests.swift */ = {isa = PBXFileReference; includeInIndex = 1; lastKnownFileType = sourcecode.swift; path = BackendStatusMonitorTests.swift; sourceTree = "<group>"; };
		6A1B2C3D4E5F60718293A400 /* BackendStatusMonitor.swift */ = {isa = PBXFileReference; includeInIndex = 1; lastKnownFileType = sourcecode.swift; name = BackendStatusMonitor.swift; path = Backend/BackendStatusMonitor.swift; sourceTree = "<group>"; };
		6A1B2C3D4E5F60718293A402 /* BackendHealthChecker.swift */ = {isa = PBXFileReference; includeInIndex = 1; lastKnownFileType = sourcecode.swift; name = BackendHealthChecker.swift; path = Backend/BackendHealthChecker.swift; sourceTree = "<group>"; };
		6A1B2C3D4E5F60718293A404 /* ShellCommandRunner.swift */ = {isa = PBXFileReference; includeInIndex = 1; lastKnownFileType = sourcecode.swift; name = ShellCommandRunner.swift; path = Backend/ShellCommandRunner.swift; sourceTree = "<group>"; };
		3F1FCD9FBAB6D739F058A51C /* ShortcutRecorder.swift */ = {isa = PBXFileReference; includeInIndex = 1; lastKnownFileType = sourcecode.swift; name = ShortcutRecorder.swift; path = Hotkey/ShortcutRecorder.swift; sourceTree = "<group>"; };
		6A4DF46774DF20D4EB81A7C1 /* TextLengthPolicyTests.swift */ = {isa = PBXFileReference; includeInIndex = 1; lastKnownFileType = sourcecode.swift; path = TextLengthPolicyTests.swift; sourceTree = "<group>"; };
		67F92AF24BF95A00B1EAA003 /* MenuBarViewModelTests.swift */ = {isa = PBXFileReference; includeInIndex = 1; lastKnownFileType = sourcecode.swift; path = MenuBarViewModelTests.swift; sourceTree = "<group>"; };
		67F92AF64BF95A00B1EAA003 /* StatusBarController.swift */ = {isa = PBXFileReference; includeInIndex = 1; lastKnownFileType = sourcecode.swift; name = StatusBarController.swift; path = MenuBar/StatusBarController.swift; sourceTree = "<group>"; };
		67F92AF84BF95A00B1EAA003 /* MenuBarViewModel.swift */ = {isa = PBXFileReference; includeInIndex = 1; lastKnownFileType = sourcecode.swift; name = MenuBarViewModel.swift; path = MenuBar/MenuBarViewModel.swift; sourceTree = "<group>"; };
		67F92B004BF95A00B1EAA003 /* ShortcutRecorderTests.swift */ = {isa = PBXFileReference; includeInIndex = 1; lastKnownFileType = sourcecode.swift; path = ShortcutRecorderTests.swift; sourceTree = "<group>"; };
		3F1FCDA0BAB6D739F058A51C /* ShortcutPanelViewModel.swift */ = {isa = PBXFileReference; includeInIndex = 1; lastKnownFileType = sourcecode.swift; name = ShortcutPanelViewModel.swift; path = Hotkey/ShortcutPanelViewModel.swift; sourceTree = "<group>"; };
		3F1FCDA1BAB6D739F058A51C /* ShortcutPanelViewModelTests.swift */ = {isa = PBXFileReference; includeInIndex = 1; lastKnownFileType = sourcecode.swift; path = ShortcutPanelViewModelTests.swift; sourceTree = "<group>"; };
		3F1FCDA2BAB6D739F058A51C /* ShortcutPanelController.swift */ = {isa = PBXFileReference; includeInIndex = 1; lastKnownFileType = sourcecode.swift; name = ShortcutPanelController.swift; path = Hotkey/ShortcutPanelController.swift; sourceTree = "<group>"; };
		3F1FCDA3BAB6D739F058A51C /* ShortcutPanelView.swift */ = {isa = PBXFileReference; includeInIndex = 1; lastKnownFileType = sourcecode.swift; name = ShortcutPanelView.swift; path = Hotkey/ShortcutPanelView.swift; sourceTree = "<group>"; };
		3F1FCDA4BAB6D739F058A51C /* ShortcutRecorderButton.swift */ = {isa = PBXFileReference; includeInIndex = 1; lastKnownFileType = sourcecode.swift; name = ShortcutRecorderButton.swift; path = Hotkey/ShortcutRecorderButton.swift; sourceTree = "<group>"; };
		3F1FCDA5BAB6D739F058A51C /* ShortcutPanelControllerTests.swift */ = {isa = PBXFileReference; includeInIndex = 1; lastKnownFileType = sourcecode.swift; path = ShortcutPanelControllerTests.swift; sourceTree = "<group>"; };
		6F57858715B410132FB6A15B /* OverlayDismissalPolicy.swift */ = {isa = PBXFileReference; includeInIndex = 1; lastKnownFileType = sourcecode.swift; name = OverlayDismissalPolicy.swift; path = UI/OverlayDismissalPolicy.swift; sourceTree = "<group>"; };
		779AD1A28C553316316D509A /* OverlayViewModel.swift */ = {isa = PBXFileReference; includeInIndex = 1; lastKnownFileType = sourcecode.swift; name = OverlayViewModel.swift; path = UI/OverlayViewModel.swift; sourceTree = "<group>"; };
		79F18BB4BDA1E2CD5616822E /* Glint.app */ = {isa = PBXFileReference; explicitFileType = wrapper.application; includeInIndex = 0; path = Glint.app; sourceTree = BUILT_PRODUCTS_DIR; };
		7DC8F7BBA7C829ED18EC9776 /* TranslateClipboardWorkflowTests.swift */ = {isa = PBXFileReference; includeInIndex = 1; lastKnownFileType = sourcecode.swift; path = TranslateClipboardWorkflowTests.swift; sourceTree = "<group>"; };
		800983F77AF1EE6EF8E788EC /* DirectionDetector.swift */ = {isa = PBXFileReference; includeInIndex = 1; lastKnownFileType = sourcecode.swift; name = DirectionDetector.swift; path = Core/DirectionDetector.swift; sourceTree = "<group>"; };
		9AE5CDB850EAE7A2364F2648 /* Cocoa.framework */ = {isa = PBXFileReference; lastKnownFileType = wrapper.framework; name = Cocoa.framework; path = Platforms/MacOSX.platform/Developer/SDKs/MacOSX15.0.sdk/System/Library/Frameworks/Cocoa.framework; sourceTree = DEVELOPER_DIR; };
		9E4804D656F5D78FD399E45C /* GlintTests.swift */ = {isa = PBXFileReference; includeInIndex = 1; lastKnownFileType = sourcecode.swift; path = GlintTests.swift; sourceTree = "<group>"; };
		9F06EDB02CB1EEFD2CACEFD2 /* TranslationPromptBuilder.swift */ = {isa = PBXFileReference; includeInIndex = 1; lastKnownFileType = sourcecode.swift; name = TranslationPromptBuilder.swift; path = Networking/TranslationPromptBuilder.swift; sourceTree = "<group>"; };
		98A4C1E45F2B4A7700D6B122 /* OverlayPlacementResolverTests.swift */ = {isa = PBXFileReference; includeInIndex = 1; lastKnownFileType = sourcecode.swift; path = OverlayPlacementResolverTests.swift; sourceTree = "<group>"; };
		98A4C1E65F2B4A7700D6B122 /* OverlayPlacementResolver.swift */ = {isa = PBXFileReference; includeInIndex = 1; lastKnownFileType = sourcecode.swift; name = OverlayPlacementResolver.swift; path = UI/OverlayPlacementResolver.swift; sourceTree = "<group>"; };
		4F2B8D1C3A4E5F60718293A3 /* BackendStatusSnapshot.swift */ = {isa = PBXFileReference; includeInIndex = 1; lastKnownFileType = sourcecode.swift; name = BackendStatusSnapshot.swift; path = Backend/BackendStatusSnapshot.swift; sourceTree = "<group>"; };
		4D7E8F90123456789ABCDE00 /* OCRWorkflowTests.swift */ = {isa = PBXFileReference; includeInIndex = 1; lastKnownFileType = sourcecode.swift; path = OCRWorkflowTests.swift; sourceTree = "<group>"; };
		4D7E8F90123456789ABCDE02 /* ScreenRegionSelectionModelTests.swift */ = {isa = PBXFileReference; includeInIndex = 1; lastKnownFileType = sourcecode.swift; path = ScreenRegionSelectionModelTests.swift; sourceTree = "<group>"; };
		4F3A2B1C0D9E8F7766554432 /* VisionOCRService.swift */ = {isa = PBXFileReference; includeInIndex = 1; lastKnownFileType = sourcecode.swift; name = VisionOCRService.swift; path = OCR/VisionOCRService.swift; sourceTree = "<group>"; };
		4F3A2B1C0D9E8F7766554434 /* ScreenRegionSelectionController.swift */ = {isa = PBXFileReference; includeInIndex = 1; lastKnownFileType = sourcecode.swift; name = ScreenRegionSelectionController.swift; path = OCR/ScreenRegionSelectionController.swift; sourceTree = "<group>"; };
		4F3A2B1C0D9E8F7766554436 /* ScreenRegionSelectionView.swift */ = {isa = PBXFileReference; includeInIndex = 1; lastKnownFileType = sourcecode.swift; name = ScreenRegionSelectionView.swift; path = OCR/ScreenRegionSelectionView.swift; sourceTree = "<group>"; };
		4F3A2B1C0D9E8F7766554438 /* ScreenRegionSelectionModel.swift */ = {isa = PBXFileReference; includeInIndex = 1; lastKnownFileType = sourcecode.swift; name = ScreenRegionSelectionModel.swift; path = OCR/ScreenRegionSelectionModel.swift; sourceTree = "<group>"; };
		51A02F7B49C84BE8A3D8A1F0 /* AppDelegateBackendMenuTests.swift */ = {isa = PBXFileReference; includeInIndex = 1; lastKnownFileType = sourcecode.swift; path = AppDelegateBackendMenuTests.swift; sourceTree = "<group>"; };
		A6AE9BBED22A1C8FD6485335 /* OverlayPanelController.swift */ = {isa = PBXFileReference; includeInIndex = 1; lastKnownFileType = sourcecode.swift; name = OverlayPanelController.swift; path = UI/OverlayPanelController.swift; sourceTree = "<group>"; };
		A767EF72CE237474EB211A9D /* AppConfig.swift */ = {isa = PBXFileReference; includeInIndex = 1; lastKnownFileType = sourcecode.swift; name = AppConfig.swift; path = Config/AppConfig.swift; sourceTree = "<group>"; };
		AF0F17C1BC6D430457FDB326 /* ShortcutSettingsTests.swift */ = {isa = PBXFileReference; includeInIndex = 1; lastKnownFileType = sourcecode.swift; path = ShortcutSettingsTests.swift; sourceTree = "<group>"; };
		D8B4E6F2A1937C50B1D2E3F4 /* SelectionInputSourceTests.swift */ = {isa = PBXFileReference; includeInIndex = 1; lastKnownFileType = sourcecode.swift; path = SelectionInputSourceTests.swift; sourceTree = "<group>"; };
		B2CF48D1B6CED4DB23532C15 /* ClipboardInputSource.swift */ = {isa = PBXFileReference; includeInIndex = 1; lastKnownFileType = sourcecode.swift; name = ClipboardInputSource.swift; path = Input/ClipboardInputSource.swift; sourceTree = "<group>"; };
		A36D1B90B9C54B12A1F79010 /* AppLaunchCoordinator.swift */ = {isa = PBXFileReference; includeInIndex = 1; lastKnownFileType = sourcecode.swift; name = AppLaunchCoordinator.swift; path = App/AppLaunchCoordinator.swift; sourceTree = "<group>"; };
		B5149D4A8C5A423DA0D4D321 /* AppLaunchCoordinatorTests.swift */ = {isa = PBXFileReference; includeInIndex = 1; lastKnownFileType = sourcecode.swift; path = AppLaunchCoordinatorTests.swift; sourceTree = "<group>"; };
		B7B6E8C289C92039E8BE9AA7 /* GlintTests.xctest */ = {isa = PBXFileReference; explicitFileType = wrapper.cfbundle; includeInIndex = 0; path = GlintTests.xctest; sourceTree = BUILT_PRODUCTS_DIR; };
		CE97743544C816B307E92CF9 /* TextLengthPolicy.swift */ = {isa = PBXFileReference; includeInIndex = 1; lastKnownFileType = sourcecode.swift; name = TextLengthPolicy.swift; path = Core/TextLengthPolicy.swift; sourceTree = "<group>"; };
		C6FA3164C1A241F7AF4E4400 /* OverlaySizingPolicyTests.swift */ = {isa = PBXFileReference; includeInIndex = 1; lastKnownFileType = sourcecode.swift; path = OverlaySizingPolicyTests.swift; sourceTree = "<group>"; };
		D34F5CF0B8A349D6A4B15A10 /* OverlaySizingPolicy.swift */ = {isa = PBXFileReference; includeInIndex = 1; lastKnownFileType = sourcecode.swift; name = OverlaySizingPolicy.swift; path = UI/OverlaySizingPolicy.swift; sourceTree = "<group>"; };
		D908A44A839644AD85014000 /* OverlayPresentationBehaviorTests.swift */ = {isa = PBXFileReference; includeInIndex = 1; lastKnownFileType = sourcecode.swift; path = OverlayPresentationBehaviorTests.swift; sourceTree = "<group>"; };
		D148749C9E453DC16067AFA3 /* TranslationPromptBuilderTests.swift */ = {isa = PBXFileReference; includeInIndex = 1; lastKnownFileType = sourcecode.swift; path = TranslationPromptBuilderTests.swift; sourceTree = "<group>"; };
		D8943E7893671927E12021B2 /* TextInputSource.swift */ = {isa = PBXFileReference; includeInIndex = 1; lastKnownFileType = sourcecode.swift; name = TextInputSource.swift; path = Input/TextInputSource.swift; sourceTree = "<group>"; };
		E7FCA92A8C9E48F0A8B64100 /* OverlayVisualStyleTests.swift */ = {isa = PBXFileReference; includeInIndex = 1; lastKnownFileType = sourcecode.swift; path = OverlayVisualStyleTests.swift; sourceTree = "<group>"; };
		F24744DB3D8A46298C12CC0F /* OverlayVisualStyle.swift */ = {isa = PBXFileReference; includeInIndex = 1; lastKnownFileType = sourcecode.swift; name = OverlayVisualStyle.swift; path = UI/OverlayVisualStyle.swift; sourceTree = "<group>"; };
		F24744DB3D8A46298C12CC11 /* SelectableTextView.swift */ = {isa = PBXFileReference; includeInIndex = 1; lastKnownFileType = sourcecode.swift; name = SelectableTextView.swift; path = UI/SelectableTextView.swift; sourceTree = "<group>"; };
		DDADDFCAE51D0B4E3FF13DD4 /* GlintApp.swift */ = {isa = PBXFileReference; includeInIndex = 1; lastKnownFileType = sourcecode.swift; name = GlintApp.swift; path = App/GlintApp.swift; sourceTree = "<group>"; };
		E0161BCD887A2137DEC2A30C /* DirectionDetectorTests.swift */ = {isa = PBXFileReference; includeInIndex = 1; lastKnownFileType = sourcecode.swift; path = DirectionDetectorTests.swift; sourceTree = "<group>"; };
		E536E02711038F959B64A810 /* ClipboardTextReader.swift */ = {isa = PBXFileReference; includeInIndex = 1; lastKnownFileType = sourcecode.swift; name = ClipboardTextReader.swift; path = Core/ClipboardTextReader.swift; sourceTree = "<group>"; };
		E5F7A9B1C3D5F7A9B1C3D5E7 /* SelectionInputSource.swift */ = {isa = PBXFileReference; includeInIndex = 1; lastKnownFileType = sourcecode.swift; name = SelectionInputSource.swift; path = Input/SelectionInputSource.swift; sourceTree = "<group>"; };
		EB7AEFEB50D84538DA24CABB /* LocalTranslationClient.swift */ = {isa = PBXFileReference; includeInIndex = 1; lastKnownFileType = sourcecode.swift; name = LocalTranslationClient.swift; path = Networking/LocalTranslationClient.swift; sourceTree = "<group>"; };
		F1156EC880026F445D4879E9 /* ChatCompletionModels.swift */ = {isa = PBXFileReference; includeInIndex = 1; lastKnownFileType = sourcecode.swift; name = ChatCompletionModels.swift; path = Networking/ChatCompletionModels.swift; sourceTree = "<group>"; };
/* End PBXFileReference section */

/* Begin PBXFrameworksBuildPhase section */
		14D2B059E16D706CAA5C5ADB /* Frameworks */ = {
			isa = PBXFrameworksBuildPhase;
			buildActionMask = 2147483647;
			files = (
				8C830E79BD7C7102DC4DD459 /* Cocoa.framework in Frameworks */,
			);
			runOnlyForDeploymentPostprocessing = 0;
		};
		FAA1F1A0F2641796F57FED39 /* Frameworks */ = {
			isa = PBXFrameworksBuildPhase;
			buildActionMask = 2147483647;
			files = (
				2C6AC15A3DC20E3690AA0ADF /* Cocoa.framework in Frameworks */,
			);
			runOnlyForDeploymentPostprocessing = 0;
		};
/* End PBXFrameworksBuildPhase section */

/* Begin PBXGroup section */
		0ED68302D390AA723419E1D1 /* Frameworks */ = {
			isa = PBXGroup;
			children = (
				3B303CE8440A0B9D7D87A8BD /* OS X */,
			);
			name = Frameworks;
			sourceTree = "<group>";
		};
		3B303CE8440A0B9D7D87A8BD /* OS X */ = {
			isa = PBXGroup;
			children = (
				9AE5CDB850EAE7A2364F2648 /* Cocoa.framework */,
			);
			name = "OS X";
			sourceTree = "<group>";
		};
		9A1AB20D4773E0BFE04ECF51 = {
			isa = PBXGroup;
			children = (
				C4E9392681167F0AD067D1B4 /* Products */,
				0ED68302D390AA723419E1D1 /* Frameworks */,
				CFFF07A5516A00606E135D4C /* Glint */,
				E65E7203B6D010AD12334685 /* GlintTests */,
			);
			sourceTree = "<group>";
		};
		C4E9392681167F0AD067D1B4 /* Products */ = {
			isa = PBXGroup;
			children = (
				79F18BB4BDA1E2CD5616822E /* Glint.app */,
				B7B6E8C289C92039E8BE9AA7 /* GlintTests.xctest */,
			);
			name = Products;
			sourceTree = "<group>";
		};
		CFFF07A5516A00606E135D4C /* Glint */ = {
			isa = PBXGroup;
			children = (
				017B4A0A4D854E2B8F7A0002 /* Assets.xcassets */,
				DDADDFCAE51D0B4E3FF13DD4 /* GlintApp.swift */,
				053A3A126B5DE489E1BE66E1 /* AppDelegate.swift */,
				A36D1B90B9C54B12A1F79010 /* AppLaunchCoordinator.swift */,
				A767EF72CE237474EB211A9D /* AppConfig.swift */,
				4F2B8D1C3A4E5F60718293A3 /* BackendStatusSnapshot.swift */,
				59C1D2E3F40516273849A5B2 /* BackendControlService.swift */,
				6A1B2C3D4E5F60718293A400 /* BackendStatusMonitor.swift */,
				6A1B2C3D4E5F60718293A402 /* BackendHealthChecker.swift */,
				6A1B2C3D4E5F60718293A404 /* ShellCommandRunner.swift */,
				E536E02711038F959B64A810 /* ClipboardTextReader.swift */,
				5EA45D34D5C4A573A16AD22C /* TranslationDirection.swift */,
				800983F77AF1EE6EF8E788EC /* DirectionDetector.swift */,
				CE97743544C816B307E92CF9 /* TextLengthPolicy.swift */,
				F1156EC880026F445D4879E9 /* ChatCompletionModels.swift */,
				9F06EDB02CB1EEFD2CACEFD2 /* TranslationPromptBuilder.swift */,
				EB7AEFEB50D84538DA24CABB /* LocalTranslationClient.swift */,
				1687ED94B1D0A6E8467917C5 /* TranslateClipboardWorkflow.swift */,
				4F3A2B1C0D9E8F7766554432 /* VisionOCRService.swift */,
				24A1B2C3D4E5F60718293A50 /* OCRImageInputSource.swift */,
				4F3A2B1C0D9E8F7766554438 /* ScreenRegionSelectionModel.swift */,
				4F3A2B1C0D9E8F7766554436 /* ScreenRegionSelectionView.swift */,
				4F3A2B1C0D9E8F7766554434 /* ScreenRegionSelectionController.swift */,
				67F92AF84BF95A00B1EAA003 /* MenuBarViewModel.swift */,
				779AD1A28C553316316D509A /* OverlayViewModel.swift */,
				256D57BF55CAA7F38948E365 /* OverlayContentView.swift */,
				A6AE9BBED22A1C8FD6485335 /* OverlayPanelController.swift */,
				98A4C1E65F2B4A7700D6B122 /* OverlayPlacementResolver.swift */,
				67F92AF64BF95A00B1EAA003 /* StatusBarController.swift */,
				D34F5CF0B8A349D6A4B15A10 /* OverlaySizingPolicy.swift */,
				F24744DB3D8A46298C12CC11 /* SelectableTextView.swift */,
				F24744DB3D8A46298C12CC0F /* OverlayVisualStyle.swift */,
				20E1734D3B4D33540D2F4F10 /* GlobalHotkeyMonitor.swift */,
				3F1FCD9FBAB6D739F058A51C /* ShortcutRecorder.swift */,
				3F1FCDA0BAB6D739F058A51C /* ShortcutPanelViewModel.swift */,
				3F1FCDA2BAB6D739F058A51C /* ShortcutPanelController.swift */,
				3F1FCDA3BAB6D739F058A51C /* ShortcutPanelView.swift */,
				3F1FCDA4BAB6D739F058A51C /* ShortcutRecorderButton.swift */,
				6F57858715B410132FB6A15B /* OverlayDismissalPolicy.swift */,
				5844D11C1A8328E64ED9442B /* ShortcutSettings.swift */,
				D8943E7893671927E12021B2 /* TextInputSource.swift */,
				3A5C7E9F1B2D4F6A8C0E2B3C /* AccessibilityPermission.swift */,
				B2CF48D1B6CED4DB23532C15 /* ClipboardInputSource.swift */,
				E5F7A9B1C3D5F7A9B1C3D5E7 /* SelectionInputSource.swift */,
			);
			name = Glint;
			path = Glint;
			sourceTree = "<group>";
		};
		E65E7203B6D010AD12334685 /* GlintTests */ = {
			isa = PBXGroup;
			children = (
				9E4804D656F5D78FD399E45C /* GlintTests.swift */,
				51A02F7B49C84BE8A3D8A1F0 /* AppDelegateBackendMenuTests.swift */,
				59C1D2E3F40516273849A5B0 /* BackendControlServiceTests.swift */,
				5B7A9D0C1E2F304152637484 /* BackendStatusMonitorTests.swift */,
				B5149D4A8C5A423DA0D4D321 /* AppLaunchCoordinatorTests.swift */,
				E0161BCD887A2137DEC2A30C /* DirectionDetectorTests.swift */,
				6A4DF46774DF20D4EB81A7C1 /* TextLengthPolicyTests.swift */,
				67F92AF24BF95A00B1EAA003 /* MenuBarViewModelTests.swift */,
				67F92B004BF95A00B1EAA003 /* ShortcutRecorderTests.swift */,
				3F1FCDA1BAB6D739F058A51C /* ShortcutPanelViewModelTests.swift */,
				3F1FCDA5BAB6D739F058A51C /* ShortcutPanelControllerTests.swift */,
				4D7E8F90123456789ABCDE00 /* OCRWorkflowTests.swift */,
				4D7E8F90123456789ABCDE02 /* ScreenRegionSelectionModelTests.swift */,
				D148749C9E453DC16067AFA3 /* TranslationPromptBuilderTests.swift */,
				052F7C3AB47B24C6F533DEA7 /* LocalTranslationClientTests.swift */,
				7DC8F7BBA7C829ED18EC9776 /* TranslateClipboardWorkflowTests.swift */,
				0B8E30CF3556ABF214704A2A /* GlobalHotkeyMonitorTests.swift */,
				2B5D8C30D0046A6BA1CD2F39 /* OverlayDismissalPolicyTests.swift */,
				98A4C1E45F2B4A7700D6B122 /* OverlayPlacementResolverTests.swift */,
				AF0F17C1BC6D430457FDB326 /* ShortcutSettingsTests.swift */,
				18B6C96CEA5F60B882E660DF /* TextInputSourceWorkflowTests.swift */,
				D8B4E6F2A1937C50B1D2E3F4 /* SelectionInputSourceTests.swift */,
				C6FA3164C1A241F7AF4E4400 /* OverlaySizingPolicyTests.swift */,
				D908A44A839644AD85014000 /* OverlayPresentationBehaviorTests.swift */,
				E7FCA92A8C9E48F0A8B64100 /* OverlayVisualStyleTests.swift */,
			);
			name = GlintTests;
			path = GlintTests;
			sourceTree = "<group>";
		};
/* End PBXGroup section */

/* Begin PBXNativeTarget section */
		20CB6FFFDCA21F6FED9E3E19 /* Glint */ = {
			isa = PBXNativeTarget;
			buildConfigurationList = A5B68B73DF0F5EE635C7174D /* Build configuration list for PBXNativeTarget "Glint" */;
			buildPhases = (
				4103C87106D8D379F16E839F /* Sources */,
				FAA1F1A0F2641796F57FED39 /* Frameworks */,
				E7C2F78A89554E5063917C17 /* Resources */,
			);
			buildRules = (
			);
			dependencies = (
			);
			name = Glint;
			productName = Glint;
			productReference = 79F18BB4BDA1E2CD5616822E /* Glint.app */;
			productType = "com.apple.product-type.application";
		};
		A6638BA04B74C21D84A99110 /* GlintTests */ = {
			isa = PBXNativeTarget;
			buildConfigurationList = E138CBB1DB4012FC5E6BA932 /* Build configuration list for PBXNativeTarget "GlintTests" */;
			buildPhases = (
				8F479FC562850BF4C4E8E633 /* Sources */,
				14D2B059E16D706CAA5C5ADB /* Frameworks */,
				2249CC00AFC7DDD906CA0F33 /* Resources */,
			);
			buildRules = (
			);
			dependencies = (
				B966CDA84E6A73F21DCD309D /* PBXTargetDependency */,
			);
			name = GlintTests;
			productName = GlintTests;
			productReference = B7B6E8C289C92039E8BE9AA7 /* GlintTests.xctest */;
			productType = "com.apple.product-type.bundle.unit-test";
		};
/* End PBXNativeTarget section */

/* Begin PBXProject section */
		34A469F569C6F5BC2362732E /* Project object */ = {
			isa = PBXProject;
			attributes = {
				LastSwiftUpdateCheck = 2600;
				LastUpgradeCheck = 2600;
			};
			buildConfigurationList = F2606D708A84C633B7838F7B /* Build configuration list for PBXProject "Glint" */;
			compatibilityVersion = "Xcode 3.2";
			developmentRegion = en;
			hasScannedForEncodings = 0;
			knownRegions = (
				en,
				Base,
			);
			mainGroup = 9A1AB20D4773E0BFE04ECF51;
			minimizedProjectReferenceProxies = 0;
			preferredProjectObjectVersion = 77;
			productRefGroup = C4E9392681167F0AD067D1B4 /* Products */;
			projectDirPath = "";
			projectRoot = "";
			targets = (
				20CB6FFFDCA21F6FED9E3E19 /* Glint */,
				A6638BA04B74C21D84A99110 /* GlintTests */,
			);
		};
/* End PBXProject section */

/* Begin PBXResourcesBuildPhase section */
		2249CC00AFC7DDD906CA0F33 /* Resources */ = {
			isa = PBXResourcesBuildPhase;
			buildActionMask = 2147483647;
			files = (
			);
			runOnlyForDeploymentPostprocessing = 0;
		};
		E7C2F78A89554E5063917C17 /* Resources */ = {
			isa = PBXResourcesBuildPhase;
			buildActionMask = 2147483647;
			files = (
				017B4A0A4D854E2B8F7A0001 /* Assets.xcassets in Resources */,
			);
			runOnlyForDeploymentPostprocessing = 0;
		};
/* End PBXResourcesBuildPhase section */

/* Begin PBXSourcesBuildPhase section */
		4103C87106D8D379F16E839F /* Sources */ = {
			isa = PBXSourcesBuildPhase;
			buildActionMask = 2147483647;
			files = (
				5F456AF294A234263FEC97B2 /* GlintApp.swift in Sources */,
				1AD55419D634A29FB4906167 /* AppDelegate.swift in Sources */,
				4F2B8D1C3A4E5F60718293A4 /* BackendStatusSnapshot.swift in Sources */,
				59C1D2E3F40516273849A5B3 /* BackendControlService.swift in Sources */,
				6A1B2C3D4E5F60718293A401 /* BackendStatusMonitor.swift in Sources */,
				6A1B2C3D4E5F60718293A403 /* BackendHealthChecker.swift in Sources */,
				6A1B2C3D4E5F60718293A405 /* ShellCommandRunner.swift in Sources */,
				A36D1B90B9C54B12A1F79011 /* AppLaunchCoordinator.swift in Sources */,
				4EB6491B0DDCDED13A20F159 /* AppConfig.swift in Sources */,
				8F4E38AA8E070F43D5CE4CF1 /* ClipboardTextReader.swift in Sources */,
				42F3CD2B101BB299A6DB09BF /* TranslationDirection.swift in Sources */,
				3BB859C5818A4EA38E3F0FEB /* DirectionDetector.swift in Sources */,
				9ACA3D2DC5AA4C653C9DB0B2 /* TextLengthPolicy.swift in Sources */,
				FF9A8B5A42406761E0D802F5 /* ChatCompletionModels.swift in Sources */,
				8D8EF327B0B7F14C8B9BF561 /* TranslationPromptBuilder.swift in Sources */,
				02DE59A8465021E8EBFAD86C /* LocalTranslationClient.swift in Sources */,
				ECF93753A573674D125D96AC /* TranslateClipboardWorkflow.swift in Sources */,
				4F3A2B1C0D9E8F7766554433 /* VisionOCRService.swift in Sources */,
				24A1B2C3D4E5F60718293A51 /* OCRImageInputSource.swift in Sources */,
				4F3A2B1C0D9E8F7766554439 /* ScreenRegionSelectionModel.swift in Sources */,
				4F3A2B1C0D9E8F7766554437 /* ScreenRegionSelectionView.swift in Sources */,
				4F3A2B1C0D9E8F7766554435 /* ScreenRegionSelectionController.swift in Sources */,
				67F92AF94BF95A00B1EAA003 /* MenuBarViewModel.swift in Sources */,
				EF43FD1949B75F070072B0D4 /* OverlayViewModel.swift in Sources */,
				8562635D6940198B616B1F7F /* OverlayContentView.swift in Sources */,
				8EFA5E1EE4239D20DD129EC7 /* OverlayPanelController.swift in Sources */,
				98A4C1E75F2B4A7700D6B122 /* OverlayPlacementResolver.swift in Sources */,
				67F92AF74BF95A00B1EAA003 /* StatusBarController.swift in Sources */,
				D34F5CF0B8A349D6A4B15A11 /* OverlaySizingPolicy.swift in Sources */,
				F24744DB3D8A46298C12CC12 /* SelectableTextView.swift in Sources */,
				F24744DB3D8A46298C12CC10 /* OverlayVisualStyle.swift in Sources */,
				34C1DDB0BD903BB23B8FFB7E /* GlobalHotkeyMonitor.swift in Sources */,
				3F1FCDB0BAB6D739F058A51C /* ShortcutRecorder.swift in Sources */,
				3F1FCDB1BAB6D739F058A51C /* ShortcutPanelViewModel.swift in Sources */,
				3F1FCDB3BAB6D739F058A51C /* ShortcutPanelController.swift in Sources */,
				3F1FCDB4BAB6D739F058A51C /* ShortcutPanelView.swift in Sources */,
				3F1FCDB5BAB6D739F058A51C /* ShortcutRecorderButton.swift in Sources */,
				244E3E51D4F288ED4B93B187 /* OverlayDismissalPolicy.swift in Sources */,
				3F1FCDAFBAB6D739F058A51C /* ShortcutSettings.swift in Sources */,
				C1A8152809D1E82876D70A65 /* TextInputSource.swift in Sources */,
				2F4A6C8E0B1D3F5A7C9E1A2B /* AccessibilityPermission.swift in Sources */,
				0C8B402801446D49E97E7BF8 /* ClipboardInputSource.swift in Sources */,
				D4E6F8A0B2C4E6F8A0B2C4D6 /* SelectionInputSource.swift in Sources */,
			);
			runOnlyForDeploymentPostprocessing = 0;
		};
		8F479FC562850BF4C4E8E633 /* Sources */ = {
			isa = PBXSourcesBuildPhase;
			buildActionMask = 2147483647;
			files = (
				BAA4E0E8A9912D1A5015A3BE /* GlintTests.swift in Sources */,
				51A02F7B49C84BE8A3D8A1F1 /* AppDelegateBackendMenuTests.swift in Sources */,
				59C1D2E3F40516273849A5B1 /* BackendControlServiceTests.swift in Sources */,
				5B7A9D0C1E2F304152637485 /* BackendStatusMonitorTests.swift in Sources */,
				B5149D4A8C5A423DA0D4D322 /* AppLaunchCoordinatorTests.swift in Sources */,
				A65530B7A9D106D5B4323DB1 /* DirectionDetectorTests.swift in Sources */,
				76C0BD70306C0A9E62C6CC6B /* TextLengthPolicyTests.swift in Sources */,
				67F92AF34BF95A00B1EAA003 /* MenuBarViewModelTests.swift in Sources */,
				67F92B014BF95A00B1EAA003 /* ShortcutRecorderTests.swift in Sources */,
				3F1FCDB2BAB6D739F058A51C /* ShortcutPanelViewModelTests.swift in Sources */,
				3F1FCDB6BAB6D739F058A51C /* ShortcutPanelControllerTests.swift in Sources */,
				4D7E8F90123456789ABCDE01 /* OCRWorkflowTests.swift in Sources */,
				4D7E8F90123456789ABCDE03 /* ScreenRegionSelectionModelTests.swift in Sources */,
				4C741E38AAE445DB0417666D /* TranslationPromptBuilderTests.swift in Sources */,
				4B5B55D28F0713F55D1FE1FA /* LocalTranslationClientTests.swift in Sources */,
				F5D5D61EB3A36A308C0A306A /* TranslateClipboardWorkflowTests.swift in Sources */,
				E5C0A30729DA18B13DBC905C /* GlobalHotkeyMonitorTests.swift in Sources */,
				430F9AB6B3CB4F7E0F0E6771 /* OverlayDismissalPolicyTests.swift in Sources */,
				98A4C1E55F2B4A7700D6B122 /* OverlayPlacementResolverTests.swift in Sources */,
				C218C03A74F0AFB108B58073 /* ShortcutSettingsTests.swift in Sources */,
				FC0C0CC33F7E4A72D2A6A970 /* TextInputSourceWorkflowTests.swift in Sources */,
				C7A3F5B1D4826E90A1B2C3D4 /* SelectionInputSourceTests.swift in Sources */,
				C6FA3164C1A241F7AF4E4401 /* OverlaySizingPolicyTests.swift in Sources */,
				D908A44A839644AD85014001 /* OverlayPresentationBehaviorTests.swift in Sources */,
				E7FCA92A8C9E48F0A8B64101 /* OverlayVisualStyleTests.swift in Sources */,
			);
			runOnlyForDeploymentPostprocessing = 0;
		};
/* End PBXSourcesBuildPhase section */

/* Begin PBXTargetDependency section */
		B966CDA84E6A73F21DCD309D /* PBXTargetDependency */ = {
			isa = PBXTargetDependency;
			name = Glint;
			target = 20CB6FFFDCA21F6FED9E3E19 /* Glint */;
			targetProxy = 7DAA0F2B6511FE5F8298C0FE /* PBXContainerItemProxy */;
		};
/* End PBXTargetDependency section */

/* Begin XCBuildConfiguration section */
		0B12498DD0FA62785766ABE7 /* Release */ = {
			isa = XCBuildConfiguration;
			buildSettings = {
				ASSETCATALOG_COMPILER_APPICON_NAME = AppIcon;
				ASSETCATALOG_COMPILER_GLOBAL_ACCENT_COLOR_NAME = AccentColor;
				CLANG_ENABLE_MODULES = YES;
				CODE_SIGNING_ALLOWED = NO;
				CODE_SIGNING_REQUIRED = NO;
				CODE_SIGN_ENTITLEMENTS = "";
				CODE_SIGN_IDENTITY = "";
				COMBINE_HIDPI_IMAGES = YES;
				DEFINES_MODULE = YES;
				DEVELOPMENT_TEAM = "";
				ENABLE_APP_SANDBOX = NO;
				GENERATE_INFOPLIST_FILE = YES;
				INFOPLIST_KEY_NSAppleEventsUsageDescription = "Glint requires permission to control supported browsers for selection translation.";
				LD_RUNPATH_SEARCH_PATHS = "$(inherited) @executable_path/../Frameworks";
				MACOSX_DEPLOYMENT_TARGET = 14.0;
				PRODUCT_BUNDLE_IDENTIFIER = local.glint;
				PRODUCT_NAME = "$(TARGET_NAME)";
				SDKROOT = macosx;
				SWIFT_EMIT_LOC_STRINGS = YES;
				SWIFT_VERSION = 6.0;
			};
			name = Release;
		};
		19504C0E07F743A9E3B99FA8 /* Release */ = {
			isa = XCBuildConfiguration;
			buildSettings = {
				ALWAYS_SEARCH_USER_PATHS = NO;
				CLANG_ANALYZER_NONNULL = YES;
				CLANG_ANALYZER_NUMBER_OBJECT_CONVERSION = YES_AGGRESSIVE;
				CLANG_CXX_LANGUAGE_STANDARD = "gnu++14";
				CLANG_CXX_LIBRARY = "libc++";
				CLANG_ENABLE_MODULES = YES;
				CLANG_ENABLE_OBJC_ARC = YES;
				CLANG_ENABLE_OBJC_WEAK = YES;
				CLANG_WARN_BLOCK_CAPTURE_AUTORELEASING = YES;
				CLANG_WARN_BOOL_CONVERSION = YES;
				CLANG_WARN_COMMA = YES;
				CLANG_WARN_CONSTANT_CONVERSION = YES;
				CLANG_WARN_DEPRECATED_OBJC_IMPLEMENTATIONS = YES;
				CLANG_WARN_DIRECT_OBJC_ISA_USAGE = YES_ERROR;
				CLANG_WARN_DOCUMENTATION_COMMENTS = YES;
				CLANG_WARN_EMPTY_BODY = YES;
				CLANG_WARN_ENUM_CONVERSION = YES;
				CLANG_WARN_INFINITE_RECURSION = YES;
				CLANG_WARN_INT_CONVERSION = YES;
				CLANG_WARN_NON_LITERAL_NULL_CONVERSION = YES;
				CLANG_WARN_OBJC_IMPLICIT_RETAIN_SELF = YES;
				CLANG_WARN_OBJC_LITERAL_CONVERSION = YES;
				CLANG_WARN_OBJC_ROOT_CLASS = YES_ERROR;
				CLANG_WARN_QUOTED_INCLUDE_IN_FRAMEWORK_HEADER = YES;
				CLANG_WARN_RANGE_LOOP_ANALYSIS = YES;
				CLANG_WARN_STRICT_PROTOTYPES = YES;
				CLANG_WARN_SUSPICIOUS_MOVE = YES;
				CLANG_WARN_UNGUARDED_AVAILABILITY = YES_AGGRESSIVE;
				CLANG_WARN_UNREACHABLE_CODE = YES;
				CLANG_WARN__DUPLICATE_METHOD_MATCH = YES;
				COPY_PHASE_STRIP = NO;
				DEBUG_INFORMATION_FORMAT = "dwarf-with-dsym";
				ENABLE_NS_ASSERTIONS = NO;
				ENABLE_STRICT_OBJC_MSGSEND = YES;
				GCC_C_LANGUAGE_STANDARD = gnu11;
				GCC_NO_COMMON_BLOCKS = YES;
				GCC_WARN_64_TO_32_BIT_CONVERSION = YES;
				GCC_WARN_ABOUT_RETURN_TYPE = YES_ERROR;
				GCC_WARN_UNDECLARED_SELECTOR = YES;
				GCC_WARN_UNINITIALIZED_AUTOS = YES_AGGRESSIVE;
				GCC_WARN_UNUSED_FUNCTION = YES;
				GCC_WARN_UNUSED_VARIABLE = YES;
				MTL_ENABLE_DEBUG_INFO = NO;
				MTL_FAST_MATH = YES;
				PRODUCT_NAME = "$(TARGET_NAME)";
				SWIFT_COMPILATION_MODE = wholemodule;
				SWIFT_OPTIMIZATION_LEVEL = "-O";
				SWIFT_VERSION = 5.0;
			};
			name = Release;
		};
		3D3B44636A18DCC7336C6A08 /* Debug */ = {
			isa = XCBuildConfiguration;
			buildSettings = {
				ALWAYS_SEARCH_USER_PATHS = NO;
				CLANG_ANALYZER_NONNULL = YES;
				CLANG_ANALYZER_NUMBER_OBJECT_CONVERSION = YES_AGGRESSIVE;
				CLANG_CXX_LANGUAGE_STANDARD = "gnu++14";
				CLANG_CXX_LIBRARY = "libc++";
				CLANG_ENABLE_MODULES = YES;
				CLANG_ENABLE_OBJC_ARC = YES;
				CLANG_ENABLE_OBJC_WEAK = YES;
				CLANG_WARN_BLOCK_CAPTURE_AUTORELEASING = YES;
				CLANG_WARN_BOOL_CONVERSION = YES;
				CLANG_WARN_COMMA = YES;
				CLANG_WARN_CONSTANT_CONVERSION = YES;
				CLANG_WARN_DEPRECATED_OBJC_IMPLEMENTATIONS = YES;
				CLANG_WARN_DIRECT_OBJC_ISA_USAGE = YES_ERROR;
				CLANG_WARN_DOCUMENTATION_COMMENTS = YES;
				CLANG_WARN_EMPTY_BODY = YES;
				CLANG_WARN_ENUM_CONVERSION = YES;
				CLANG_WARN_INFINITE_RECURSION = YES;
				CLANG_WARN_INT_CONVERSION = YES;
				CLANG_WARN_NON_LITERAL_NULL_CONVERSION = YES;
				CLANG_WARN_OBJC_IMPLICIT_RETAIN_SELF = YES;
				CLANG_WARN_OBJC_LITERAL_CONVERSION = YES;
				CLANG_WARN_OBJC_ROOT_CLASS = YES_ERROR;
				CLANG_WARN_QUOTED_INCLUDE_IN_FRAMEWORK_HEADER = YES;
				CLANG_WARN_RANGE_LOOP_ANALYSIS = YES;
				CLANG_WARN_STRICT_PROTOTYPES = YES;
				CLANG_WARN_SUSPICIOUS_MOVE = YES;
				CLANG_WARN_UNGUARDED_AVAILABILITY = YES_AGGRESSIVE;
				CLANG_WARN_UNREACHABLE_CODE = YES;
				CLANG_WARN__DUPLICATE_METHOD_MATCH = YES;
				COPY_PHASE_STRIP = NO;
				DEBUG_INFORMATION_FORMAT = dwarf;
				ENABLE_STRICT_OBJC_MSGSEND = YES;
				ENABLE_TESTABILITY = YES;
				GCC_C_LANGUAGE_STANDARD = gnu11;
				GCC_DYNAMIC_NO_PIC = NO;
				GCC_NO_COMMON_BLOCKS = YES;
				GCC_OPTIMIZATION_LEVEL = 0;
				GCC_PREPROCESSOR_DEFINITIONS = (
					"DEBUG=1",
					"$(inherited)",
				);
				GCC_WARN_64_TO_32_BIT_CONVERSION = YES;
				GCC_WARN_ABOUT_RETURN_TYPE = YES_ERROR;
				GCC_WARN_UNDECLARED_SELECTOR = YES;
				GCC_WARN_UNINITIALIZED_AUTOS = YES_AGGRESSIVE;
				GCC_WARN_UNUSED_FUNCTION = YES;
				GCC_WARN_UNUSED_VARIABLE = YES;
				MTL_ENABLE_DEBUG_INFO = INCLUDE_SOURCE;
				MTL_FAST_MATH = YES;
				ONLY_ACTIVE_ARCH = YES;
				PRODUCT_NAME = "$(TARGET_NAME)";
				SWIFT_ACTIVE_COMPILATION_CONDITIONS = DEBUG;
				SWIFT_OPTIMIZATION_LEVEL = "-Onone";
				SWIFT_VERSION = 5.0;
			};
			name = Debug;
		};
		4F4D416FAAF8E0A04F2C022F /* Release */ = {
			isa = XCBuildConfiguration;
			buildSettings = {
				BUNDLE_LOADER = "$(TEST_HOST)";
				CLANG_ENABLE_MODULES = YES;
				CODE_SIGNING_ALLOWED = NO;
				CODE_SIGNING_REQUIRED = NO;
				CODE_SIGN_IDENTITY = "";
				DEVELOPMENT_TEAM = "";
				ENABLE_TESTABILITY = YES;
				GENERATE_INFOPLIST_FILE = YES;
				LD_RUNPATH_SEARCH_PATHS = "$(inherited) @executable_path/../Frameworks @loader_path/../Frameworks";
				MACOSX_DEPLOYMENT_TARGET = 14.0;
				PRODUCT_BUNDLE_IDENTIFIER = local.glintTests;
				PRODUCT_NAME = "$(TARGET_NAME)";
				SDKROOT = macosx;
				SWIFT_VERSION = 6.0;
				TEST_HOST = "$(BUILT_PRODUCTS_DIR)/Glint.app/Contents/MacOS/Glint";
				TEST_TARGET_NAME = Glint;
			};
			name = Release;
		};
		CDDF1AC0204B495F2C43269B /* Debug */ = {
			isa = XCBuildConfiguration;
			buildSettings = {
				ASSETCATALOG_COMPILER_APPICON_NAME = AppIcon;
				ASSETCATALOG_COMPILER_GLOBAL_ACCENT_COLOR_NAME = AccentColor;
				CLANG_ENABLE_MODULES = YES;
				CODE_SIGNING_ALLOWED = NO;
				CODE_SIGNING_REQUIRED = NO;
				CODE_SIGN_ENTITLEMENTS = "";
				CODE_SIGN_IDENTITY = "";
				COMBINE_HIDPI_IMAGES = YES;
				DEFINES_MODULE = YES;
				DEVELOPMENT_TEAM = "";
				ENABLE_APP_SANDBOX = NO;
				GENERATE_INFOPLIST_FILE = YES;
				INFOPLIST_KEY_NSAppleEventsUsageDescription = "Glint requires permission to control supported browsers for selection translation.";
				LD_RUNPATH_SEARCH_PATHS = "$(inherited) @executable_path/../Frameworks";
				MACOSX_DEPLOYMENT_TARGET = 14.0;
				PRODUCT_BUNDLE_IDENTIFIER = local.glint;
				PRODUCT_NAME = "$(TARGET_NAME)";
				SDKROOT = macosx;
				SWIFT_EMIT_LOC_STRINGS = YES;
				SWIFT_VERSION = 6.0;
			};
			name = Debug;
		};
		F4AA9461F7748FEC028E9106 /* Debug */ = {
			isa = XCBuildConfiguration;
			buildSettings = {
				BUNDLE_LOADER = "$(TEST_HOST)";
				CLANG_ENABLE_MODULES = YES;
				CODE_SIGNING_ALLOWED = NO;
				CODE_SIGNING_REQUIRED = NO;
				CODE_SIGN_IDENTITY = "";
				DEVELOPMENT_TEAM = "";
				ENABLE_TESTABILITY = YES;
				GENERATE_INFOPLIST_FILE = YES;
				LD_RUNPATH_SEARCH_PATHS = "$(inherited) @executable_path/../Frameworks @loader_path/../Frameworks";
				MACOSX_DEPLOYMENT_TARGET = 14.0;
				PRODUCT_BUNDLE_IDENTIFIER = local.glintTests;
				PRODUCT_NAME = "$(TARGET_NAME)";
				SDKROOT = macosx;
				SWIFT_VERSION = 6.0;
				TEST_HOST = "$(BUILT_PRODUCTS_DIR)/Glint.app/Contents/MacOS/Glint";
				TEST_TARGET_NAME = Glint;
			};
			name = Debug;
		};
/* End XCBuildConfiguration section */

/* Begin XCConfigurationList section */
		A5B68B73DF0F5EE635C7174D /* Build configuration list for PBXNativeTarget "Glint" */ = {
			isa = XCConfigurationList;
			buildConfigurations = (
				0B12498DD0FA62785766ABE7 /* Release */,
				CDDF1AC0204B495F2C43269B /* Debug */,
			);
			defaultConfigurationIsVisible = 0;
			defaultConfigurationName = Release;
		};
		E138CBB1DB4012FC5E6BA932 /* Build configuration list for PBXNativeTarget "GlintTests" */ = {
			isa = XCConfigurationList;
			buildConfigurations = (
				4F4D416FAAF8E0A04F2C022F /* Release */,
				F4AA9461F7748FEC028E9106 /* Debug */,
			);
			defaultConfigurationIsVisible = 0;
			defaultConfigurationName = Release;
		};
		F2606D708A84C633B7838F7B /* Build configuration list for PBXProject "Glint" */ = {
			isa = XCConfigurationList;
			buildConfigurations = (
				3D3B44636A18DCC7336C6A08 /* Debug */,
				19504C0E07F743A9E3B99FA8 /* Release */,
			);
			defaultConfigurationIsVisible = 0;
			defaultConfigurationName = Release;
		};
/* End XCConfigurationList section */
	};
	rootObject = 34A469F569C6F5BC2362732E /* Project object */;
}
